
Microsoft Visual Studio Solution File, Format Version 12.00
# Visual Studio Version 16
VisualStudioVersion = 16.0.29025.244
MinimumVisualStudioVersion = 10.0.40219.1
Project("{2150E333-8FDC-42A3-9474-1A3956D46DE8}") = "CrossCutting", "CrossCutting", "{2B9AD400-FD6A-4280-815B-33D72D5D6BF8}"
EndProject
Project("{9A19103F-16F7-4668-BE54-9A1E7A4F7556}") = "Entities.DataClasses", "Entities.DataClasses\Entities.DataClasses.csproj", "{DE731667-B436-45F6-A54B-D1B5437F0A23}"
EndProject
Project("{9A19103F-16F7-4668-BE54-9A1E7A4F7556}") = "Gear.DataClasses", "Gear.DataClasses\Gear.DataClasses.csproj", "{FEE63EAF-1758-46B7-ACA7-13974BA2C5F3}"
EndProject
Project("{9A19103F-16F7-4668-BE54-9A1E7A4F7556}") = "Environment.DataClasses", "Environment.DataClasses\Environment.DataClasses.csproj", "{7C39E1A3-53A3-43C8-9053-0E404FA157A6}"
EndProject
Project("{9A19103F-16F7-4668-BE54-9A1E7A4F7556}") = "Meta.DataClasses", "Meta.DataClasses\Meta.DataClasses.csproj", "{61D37C8B-9D30-4E56-998B-BBFCC3F5DD5F}"
EndProject
Project("{2150E333-8FDC-42A3-9474-1A3956D46DE8}") = "Data", "Data", "{0C68375A-1EE9-480D-AFC7-6491623F3334}"
EndProject
Project("{2150E333-8FDC-42A3-9474-1A3956D46DE8}") = "Logic", "Logic", "{D2FE1D30-2164-49C7-80BD-07329DF753BE}"
EndProject
Project("{2150E333-8FDC-42A3-9474-1A3956D46DE8}") = "UI", "UI", "{60E6F5A3-7D32-4E90-AAEF-5AC51E1C1718}"
EndProject
Project("{9A19103F-16F7-4668-BE54-9A1E7A4F7556}") = "Models", "Alexandria.WPF.Models\Models.csproj", "{91F5B21D-8172-4D35-9B7A-93C2D5C3F149}"
EndProject
Project("{9A19103F-16F7-4668-BE54-9A1E7A4F7556}") = "Client", "WPF\Client.csproj", "{57212585-1250-4B63-B256-D1228047CDEE}"
EndProject
Project("{9A19103F-16F7-4668-BE54-9A1E7A4F7556}") = "Controls", "WPF.Controls\Controls.csproj", "{72288FB2-FD03-4080-9DBC-B0A5337DD2C1}"
EndProject
Project("{2150E333-8FDC-42A3-9474-1A3956D46DE8}") = "WPF", "WPF", "{A7C16453-A782-4204-B3F1-FB91C826B508}"
EndProject
Project("{9A19103F-16F7-4668-BE54-9A1E7A4F7556}") = "Base", "WPF.Base\Base.csproj", "{7D8A500A-9691-49AF-B485-593BD8938922}"
EndProject
Project("{2150E333-8FDC-42A3-9474-1A3956D46DE8}") = "_ExternalLibraries", "_ExternalLibraries", "{86504E24-8C9F-4ABE-841C-C06FA95B1491}"
	ProjectSection(SolutionItems) = preProject
		_ExternalLibraries\CoCo.Core.Contract.dll = _ExternalLibraries\CoCo.Core.Contract.dll
		_ExternalLibraries\CommonMessages.Contract.dll = _ExternalLibraries\CommonMessages.Contract.dll
		_ExternalLibraries\Components.CrossCutting.Base.Identifiable.DataClasses.dll = _ExternalLibraries\Components.CrossCutting.Base.Identifiable.DataClasses.dll
		_ExternalLibraries\Components.CrossCutting.Logging.Contract.dll = _ExternalLibraries\Components.CrossCutting.Logging.Contract.dll
		_ExternalLibraries\Components.CrossCutting.Logging.Csv.dll = _ExternalLibraries\Components.CrossCutting.Logging.Csv.dll
		_ExternalLibraries\Components.CrossCutting.Logging.PrismWrapper.dll = _ExternalLibraries\Components.CrossCutting.Logging.PrismWrapper.dll
		_ExternalLibraries\Components.Data.GenericDataStoring.Contract.dll = _ExternalLibraries\Components.Data.GenericDataStoring.Contract.dll
		_ExternalLibraries\Components.Data.GenericDataStoring.NewtonsoftJson.dll = _ExternalLibraries\Components.Data.GenericDataStoring.NewtonsoftJson.dll
	EndProjectSection
EndProject
Project("{2150E333-8FDC-42A3-9474-1A3956D46DE8}") = "Foundation", "Foundation", "{8A515BF1-155C-435F-87E6-77823F48B086}"
EndProject
Project("{9A19103F-16F7-4668-BE54-9A1E7A4F7556}") = "Meta.Dice", "Meta.Dice\Meta.Dice.csproj", "{05430B27-CF22-4957-9DFD-94B2C7C7A570}"
EndProject
Project("{9A19103F-16F7-4668-BE54-9A1E7A4F7556}") = "Meta.Dice.Contract", "Meta.Dice.Contract\Meta.Dice.Contract.csproj", "{6411AD6E-3860-4E8D-97F6-20E023795367}"
EndProject
Global
	GlobalSection(SolutionConfigurationPlatforms) = preSolution
		Debug|Any CPU = Debug|Any CPU
		Release|Any CPU = Release|Any CPU
	EndGlobalSection
	GlobalSection(ProjectConfigurationPlatforms) = postSolution
		{DE731667-B436-45F6-A54B-D1B5437F0A23}.Debug|Any CPU.ActiveCfg = Debug|Any CPU
		{DE731667-B436-45F6-A54B-D1B5437F0A23}.Debug|Any CPU.Build.0 = Debug|Any CPU
		{DE731667-B436-45F6-A54B-D1B5437F0A23}.Release|Any CPU.ActiveCfg = Release|Any CPU
		{DE731667-B436-45F6-A54B-D1B5437F0A23}.Release|Any CPU.Build.0 = Release|Any CPU
		{FEE63EAF-1758-46B7-ACA7-13974BA2C5F3}.Debug|Any CPU.ActiveCfg = Debug|Any CPU
		{FEE63EAF-1758-46B7-ACA7-13974BA2C5F3}.Debug|Any CPU.Build.0 = Debug|Any CPU
		{FEE63EAF-1758-46B7-ACA7-13974BA2C5F3}.Release|Any CPU.ActiveCfg = Release|Any CPU
		{FEE63EAF-1758-46B7-ACA7-13974BA2C5F3}.Release|Any CPU.Build.0 = Release|Any CPU
		{7C39E1A3-53A3-43C8-9053-0E404FA157A6}.Debug|Any CPU.ActiveCfg = Debug|Any CPU
		{7C39E1A3-53A3-43C8-9053-0E404FA157A6}.Debug|Any CPU.Build.0 = Debug|Any CPU
		{7C39E1A3-53A3-43C8-9053-0E404FA157A6}.Release|Any CPU.ActiveCfg = Release|Any CPU
		{7C39E1A3-53A3-43C8-9053-0E404FA157A6}.Release|Any CPU.Build.0 = Release|Any CPU
		{61D37C8B-9D30-4E56-998B-BBFCC3F5DD5F}.Debug|Any CPU.ActiveCfg = Debug|Any CPU
		{61D37C8B-9D30-4E56-998B-BBFCC3F5DD5F}.Debug|Any CPU.Build.0 = Debug|Any CPU
		{61D37C8B-9D30-4E56-998B-BBFCC3F5DD5F}.Release|Any CPU.ActiveCfg = Release|Any CPU
		{61D37C8B-9D30-4E56-998B-BBFCC3F5DD5F}.Release|Any CPU.Build.0 = Release|Any CPU
		{91F5B21D-8172-4D35-9B7A-93C2D5C3F149}.Debug|Any CPU.ActiveCfg = Debug|Any CPU
		{91F5B21D-8172-4D35-9B7A-93C2D5C3F149}.Debug|Any CPU.Build.0 = Debug|Any CPU
		{91F5B21D-8172-4D35-9B7A-93C2D5C3F149}.Release|Any CPU.ActiveCfg = Release|Any CPU
		{91F5B21D-8172-4D35-9B7A-93C2D5C3F149}.Release|Any CPU.Build.0 = Release|Any CPU
		{57212585-1250-4B63-B256-D1228047CDEE}.Debug|Any CPU.ActiveCfg = Debug|Any CPU
		{57212585-1250-4B63-B256-D1228047CDEE}.Debug|Any CPU.Build.0 = Debug|Any CPU
		{57212585-1250-4B63-B256-D1228047CDEE}.Release|Any CPU.ActiveCfg = Release|Any CPU
		{57212585-1250-4B63-B256-D1228047CDEE}.Release|Any CPU.Build.0 = Release|Any CPU
		{72288FB2-FD03-4080-9DBC-B0A5337DD2C1}.Debug|Any CPU.ActiveCfg = Debug|Any CPU
		{72288FB2-FD03-4080-9DBC-B0A5337DD2C1}.Debug|Any CPU.Build.0 = Debug|Any CPU
		{72288FB2-FD03-4080-9DBC-B0A5337DD2C1}.Release|Any CPU.ActiveCfg = Release|Any CPU
		{72288FB2-FD03-4080-9DBC-B0A5337DD2C1}.Release|Any CPU.Build.0 = Release|Any CPU
		{7D8A500A-9691-49AF-B485-593BD8938922}.Debug|Any CPU.ActiveCfg = Debug|Any CPU
		{7D8A500A-9691-49AF-B485-593BD8938922}.Debug|Any CPU.Build.0 = Debug|Any CPU
		{7D8A500A-9691-49AF-B485-593BD8938922}.Release|Any CPU.ActiveCfg = Release|Any CPU
		{7D8A500A-9691-49AF-B485-593BD8938922}.Release|Any CPU.Build.0 = Release|Any CPU
		{05430B27-CF22-4957-9DFD-94B2C7C7A570}.Debug|Any CPU.ActiveCfg = Debug|Any CPU
		{05430B27-CF22-4957-9DFD-94B2C7C7A570}.Debug|Any CPU.Build.0 = Debug|Any CPU
		{05430B27-CF22-4957-9DFD-94B2C7C7A570}.Release|Any CPU.ActiveCfg = Release|Any CPU
		{05430B27-CF22-4957-9DFD-94B2C7C7A570}.Release|Any CPU.Build.0 = Release|Any CPU
		{6411AD6E-3860-4E8D-97F6-20E023795367}.Debug|Any CPU.ActiveCfg = Debug|Any CPU
		{6411AD6E-3860-4E8D-97F6-20E023795367}.Debug|Any CPU.Build.0 = Debug|Any CPU
		{6411AD6E-3860-4E8D-97F6-20E023795367}.Release|Any CPU.ActiveCfg = Release|Any CPU
		{6411AD6E-3860-4E8D-97F6-20E023795367}.Release|Any CPU.Build.0 = Release|Any CPU
	EndGlobalSection
	GlobalSection(SolutionProperties) = preSolution
		HideSolutionNode = FALSE
	EndGlobalSection
	GlobalSection(NestedProjects) = preSolution
		{DE731667-B436-45F6-A54B-D1B5437F0A23} = {2B9AD400-FD6A-4280-815B-33D72D5D6BF8}
		{FEE63EAF-1758-46B7-ACA7-13974BA2C5F3} = {2B9AD400-FD6A-4280-815B-33D72D5D6BF8}
		{7C39E1A3-53A3-43C8-9053-0E404FA157A6} = {2B9AD400-FD6A-4280-815B-33D72D5D6BF8}
		{61D37C8B-9D30-4E56-998B-BBFCC3F5DD5F} = {2B9AD400-FD6A-4280-815B-33D72D5D6BF8}
		{91F5B21D-8172-4D35-9B7A-93C2D5C3F149} = {A7C16453-A782-4204-B3F1-FB91C826B508}
		{57212585-1250-4B63-B256-D1228047CDEE} = {A7C16453-A782-4204-B3F1-FB91C826B508}
		{72288FB2-FD03-4080-9DBC-B0A5337DD2C1} = {A7C16453-A782-4204-B3F1-FB91C826B508}
		{A7C16453-A782-4204-B3F1-FB91C826B508} = {60E6F5A3-7D32-4E90-AAEF-5AC51E1C1718}
		{7D8A500A-9691-49AF-B485-593BD8938922} = {A7C16453-A782-4204-B3F1-FB91C826B508}
		{8A515BF1-155C-435F-87E6-77823F48B086} = {D2FE1D30-2164-49C7-80BD-07329DF753BE}
		{05430B27-CF22-4957-9DFD-94B2C7C7A570} = {8A515BF1-155C-435F-87E6-77823F48B086}
		{6411AD6E-3860-4E8D-97F6-20E023795367} = {8A515BF1-155C-435F-87E6-77823F48B086}
	EndGlobalSection
	GlobalSection(ExtensibilityGlobals) = postSolution
		SolutionGuid = {DB427DFF-78EE-4F04-A938-5D6762870AAD}
	EndGlobalSection
EndGlobal
