
Microsoft Visual Studio Solution File, Format Version 12.00
# Visual Studio Version 16
VisualStudioVersion = 16.0.29025.244
MinimumVisualStudioVersion = 10.0.40219.1
Project("{FAE04EC0-301F-11D3-BF4B-00C04F79EFBC}") = "Alexandria.Controls", "Alexandria.Controls\Alexandria.Controls.csproj", "{0A05A7DA-283C-4672-9395-C6EE99B17A54}"
EndProject
Project("{FAE04EC0-301F-11D3-BF4B-00C04F79EFBC}") = "Alexandria", "Alexandria\Alexandria.csproj", "{C494EB43-6F09-4A7B-9503-4BF38FDFD16C}"
EndProject
Project("{FAE04EC0-301F-11D3-BF4B-00C04F79EFBC}") = "Alexandrian.Base", "Alexandrian.Base\Alexandrian.Base.csproj", "{056530EB-C480-4599-BA94-8288605BC668}"
EndProject
Project("{2150E333-8FDC-42A3-9474-1A3956D46DE8}") = "CrossCutting", "CrossCutting", "{2B9AD400-FD6A-4280-815B-33D72D5D6BF8}"
EndProject
Project("{9A19103F-16F7-4668-BE54-9A1E7A4F7556}") = "Entities.DataClasses", "Entities.DataClasses\Entities.DataClasses.csproj", "{DE731667-B436-45F6-A54B-D1B5437F0A23}"
EndProject
Project("{9A19103F-16F7-4668-BE54-9A1E7A4F7556}") = "Gear.DataClasses", "Gear.DataClasses\Gear.DataClasses.csproj", "{FEE63EAF-1758-46B7-ACA7-13974BA2C5F3}"
EndProject
Project("{9A19103F-16F7-4668-BE54-9A1E7A4F7556}") = "Environment.DataClasses", "Environment.DataClasses\Environment.DataClasses.csproj", "{7C39E1A3-53A3-43C8-9053-0E404FA157A6}"
EndProject
Project("{9A19103F-16F7-4668-BE54-9A1E7A4F7556}") = "Meta.DataClasses", "Meta.DataClasses\Meta.DataClasses.csproj", "{61D37C8B-9D30-4E56-998B-BBFCC3F5DD5F}"
EndProject
Project("{2150E333-8FDC-42A3-9474-1A3956D46DE8}") = "Data", "Data", "{0C68375A-1EE9-480D-AFC7-6491623F3334}"
EndProject
Project("{2150E333-8FDC-42A3-9474-1A3956D46DE8}") = "Logic", "Logic", "{D2FE1D30-2164-49C7-80BD-07329DF753BE}"
EndProject
Project("{2150E333-8FDC-42A3-9474-1A3956D46DE8}") = "UI", "UI", "{60E6F5A3-7D32-4E90-AAEF-5AC51E1C1718}"
EndProject
Project("{2150E333-8FDC-42A3-9474-1A3956D46DE8}") = "ToIntegrate", "ToIntegrate", "{45C0E0A9-E308-4482-8E4B-D6C42E47F2BD}"
EndProject
Project("{FAE04EC0-301F-11D3-BF4B-00C04F79EFBC}") = "Alexandria.WPF.Models", "Alexandria.WPF.Models\Alexandria.WPF.Models.csproj", "{91F5B21D-8172-4D35-9B7A-93C2D5C3F149}"
EndProject
Global
	GlobalSection(SolutionConfigurationPlatforms) = preSolution
		Debug|Any CPU = Debug|Any CPU
		Release|Any CPU = Release|Any CPU
	EndGlobalSection
	GlobalSection(ProjectConfigurationPlatforms) = postSolution
		{0A05A7DA-283C-4672-9395-C6EE99B17A54}.Debug|Any CPU.ActiveCfg = Debug|Any CPU
		{0A05A7DA-283C-4672-9395-C6EE99B17A54}.Debug|Any CPU.Build.0 = Debug|Any CPU
		{0A05A7DA-283C-4672-9395-C6EE99B17A54}.Release|Any CPU.ActiveCfg = Release|Any CPU
		{0A05A7DA-283C-4672-9395-C6EE99B17A54}.Release|Any CPU.Build.0 = Release|Any CPU
		{C494EB43-6F09-4A7B-9503-4BF38FDFD16C}.Debug|Any CPU.ActiveCfg = Debug|Any CPU
		{C494EB43-6F09-4A7B-9503-4BF38FDFD16C}.Debug|Any CPU.Build.0 = Debug|Any CPU
		{C494EB43-6F09-4A7B-9503-4BF38FDFD16C}.Release|Any CPU.ActiveCfg = Release|Any CPU
		{C494EB43-6F09-4A7B-9503-4BF38FDFD16C}.Release|Any CPU.Build.0 = Release|Any CPU
		{056530EB-C480-4599-BA94-8288605BC668}.Debug|Any CPU.ActiveCfg = Debug|Any CPU
		{056530EB-C480-4599-BA94-8288605BC668}.Debug|Any CPU.Build.0 = Debug|Any CPU
		{056530EB-C480-4599-BA94-8288605BC668}.Release|Any CPU.ActiveCfg = Release|Any CPU
		{056530EB-C480-4599-BA94-8288605BC668}.Release|Any CPU.Build.0 = Release|Any CPU
		{DE731667-B436-45F6-A54B-D1B5437F0A23}.Debug|Any CPU.ActiveCfg = Debug|Any CPU
		{DE731667-B436-45F6-A54B-D1B5437F0A23}.Debug|Any CPU.Build.0 = Debug|Any CPU
		{DE731667-B436-45F6-A54B-D1B5437F0A23}.Release|Any CPU.ActiveCfg = Release|Any CPU
		{DE731667-B436-45F6-A54B-D1B5437F0A23}.Release|Any CPU.Build.0 = Release|Any CPU
		{FEE63EAF-1758-46B7-ACA7-13974BA2C5F3}.Debug|Any CPU.ActiveCfg = Debug|Any CPU
		{FEE63EAF-1758-46B7-ACA7-13974BA2C5F3}.Debug|Any CPU.Build.0 = Debug|Any CPU
		{FEE63EAF-1758-46B7-ACA7-13974BA2C5F3}.Release|Any CPU.ActiveCfg = Release|Any CPU
		{FEE63EAF-1758-46B7-ACA7-13974BA2C5F3}.Release|Any CPU.Build.0 = Release|Any CPU
		{7C39E1A3-53A3-43C8-9053-0E404FA157A6}.Debug|Any CPU.ActiveCfg = Debug|Any CPU
		{7C39E1A3-53A3-43C8-9053-0E404FA157A6}.Debug|Any CPU.Build.0 = Debug|Any CPU
		{7C39E1A3-53A3-43C8-9053-0E404FA157A6}.Release|Any CPU.ActiveCfg = Release|Any CPU
		{7C39E1A3-53A3-43C8-9053-0E404FA157A6}.Release|Any CPU.Build.0 = Release|Any CPU
		{61D37C8B-9D30-4E56-998B-BBFCC3F5DD5F}.Debug|Any CPU.ActiveCfg = Debug|Any CPU
		{61D37C8B-9D30-4E56-998B-BBFCC3F5DD5F}.Debug|Any CPU.Build.0 = Debug|Any CPU
		{61D37C8B-9D30-4E56-998B-BBFCC3F5DD5F}.Release|Any CPU.ActiveCfg = Release|Any CPU
		{61D37C8B-9D30-4E56-998B-BBFCC3F5DD5F}.Release|Any CPU.Build.0 = Release|Any CPU
		{91F5B21D-8172-4D35-9B7A-93C2D5C3F149}.Debug|Any CPU.ActiveCfg = Debug|Any CPU
		{91F5B21D-8172-4D35-9B7A-93C2D5C3F149}.Debug|Any CPU.Build.0 = Debug|Any CPU
		{91F5B21D-8172-4D35-9B7A-93C2D5C3F149}.Release|Any CPU.ActiveCfg = Release|Any CPU
		{91F5B21D-8172-4D35-9B7A-93C2D5C3F149}.Release|Any CPU.Build.0 = Release|Any CPU
	EndGlobalSection
	GlobalSection(SolutionProperties) = preSolution
		HideSolutionNode = FALSE
	EndGlobalSection
	GlobalSection(NestedProjects) = preSolution
		{0A05A7DA-283C-4672-9395-C6EE99B17A54} = {45C0E0A9-E308-4482-8E4B-D6C42E47F2BD}
		{C494EB43-6F09-4A7B-9503-4BF38FDFD16C} = {45C0E0A9-E308-4482-8E4B-D6C42E47F2BD}
		{056530EB-C480-4599-BA94-8288605BC668} = {45C0E0A9-E308-4482-8E4B-D6C42E47F2BD}
		{DE731667-B436-45F6-A54B-D1B5437F0A23} = {2B9AD400-FD6A-4280-815B-33D72D5D6BF8}
		{FEE63EAF-1758-46B7-ACA7-13974BA2C5F3} = {2B9AD400-FD6A-4280-815B-33D72D5D6BF8}
		{7C39E1A3-53A3-43C8-9053-0E404FA157A6} = {2B9AD400-FD6A-4280-815B-33D72D5D6BF8}
		{61D37C8B-9D30-4E56-998B-BBFCC3F5DD5F} = {2B9AD400-FD6A-4280-815B-33D72D5D6BF8}
		{91F5B21D-8172-4D35-9B7A-93C2D5C3F149} = {60E6F5A3-7D32-4E90-AAEF-5AC51E1C1718}
	EndGlobalSection
	GlobalSection(ExtensibilityGlobals) = postSolution
		SolutionGuid = {DB427DFF-78EE-4F04-A938-5D6762870AAD}
	EndGlobalSection
EndGlobal
